
Microsoft Visual Studio Solution File, Format Version 12.00
# Visual Studio Version 16
VisualStudioVersion = 16.0.30907.101
MinimumVisualStudioVersion = 10.0.40219.1
Project("{9A19103F-16F7-4668-BE54-9A1E7A4F7556}") = "Donatello.Websocket", "Donatello.Websocket\Donatello.Websocket.csproj", "{360D5FAF-4611-4B9A-9525-885A1C598124}"
EndProject
Project("{9A19103F-16F7-4668-BE54-9A1E7A4F7556}") = "Donatello.Websocket.Test", "Donatello.Websocket.Test\Donatello.Websocket.Test.csproj", "{A2DB88D8-9F5A-4160-89D5-D0A42AEFF5D5}"
EndProject
Global
	GlobalSection(SolutionConfigurationPlatforms) = preSolution
		Debug|Any CPU = Debug|Any CPU
		Release|Any CPU = Release|Any CPU
	EndGlobalSection
	GlobalSection(ProjectConfigurationPlatforms) = postSolution
		{360D5FAF-4611-4B9A-9525-885A1C598124}.Debug|Any CPU.ActiveCfg = Debug|Any CPU
		{360D5FAF-4611-4B9A-9525-885A1C598124}.Debug|Any CPU.Build.0 = Debug|Any CPU
		{360D5FAF-4611-4B9A-9525-885A1C598124}.Release|Any CPU.ActiveCfg = Release|Any CPU
		{360D5FAF-4611-4B9A-9525-885A1C598124}.Release|Any CPU.Build.0 = Release|Any CPU
		{A2DB88D8-9F5A-4160-89D5-D0A42AEFF5D5}.Debug|Any CPU.ActiveCfg = Debug|Any CPU
		{A2DB88D8-9F5A-4160-89D5-D0A42AEFF5D5}.Debug|Any CPU.Build.0 = Debug|Any CPU
		{A2DB88D8-9F5A-4160-89D5-D0A42AEFF5D5}.Release|Any CPU.ActiveCfg = Release|Any CPU
		{A2DB88D8-9F5A-4160-89D5-D0A42AEFF5D5}.Release|Any CPU.Build.0 = Release|Any CPU
	EndGlobalSection
	GlobalSection(SolutionProperties) = preSolution
		HideSolutionNode = FALSE
	EndGlobalSection
	GlobalSection(ExtensibilityGlobals) = postSolution
		SolutionGuid = {077D7019-B0A3-4276-9449-85C27602714B}
	EndGlobalSection
EndGlobal
